
Microsoft Visual Studio Solution File, Format Version 12.00
# Visual Studio Version 17
VisualStudioVersion = 17.7.34009.444
MinimumVisualStudioVersion = 10.0.40219.1
Project("{9A19103F-16F7-4668-BE54-9A1E7A4F7556}") = "WebhookSenderHub", "WebhookSenderHub.csproj", "{061194FD-6255-49EF-8EC5-F5AA222D9140}"
EndProject
Project("{2150E333-8FDC-42A3-9474-1A3956D46DE8}") = "Solution Items", "Solution Items", "{F863F67F-C645-4CE8-AEB0-F32AD2B5F7DA}"
EndProject
Global
	GlobalSection(SolutionConfigurationPlatforms) = preSolution
		Debug|Any CPU = Debug|Any CPU
		Release|Any CPU = Release|Any CPU
	EndGlobalSection
	GlobalSection(ProjectConfigurationPlatforms) = postSolution
		{061194FD-6255-49EF-8EC5-F5AA222D9140}.Debug|Any CPU.ActiveCfg = Debug|Any CPU
		{061194FD-6255-49EF-8EC5-F5AA222D9140}.Debug|Any CPU.Build.0 = Debug|Any CPU
		{061194FD-6255-49EF-8EC5-F5AA222D9140}.Release|Any CPU.ActiveCfg = Release|Any CPU
		{061194FD-6255-49EF-8EC5-F5AA222D9140}.Release|Any CPU.Build.0 = Release|Any CPU
	EndGlobalSection
	GlobalSection(SolutionProperties) = preSolution
		HideSolutionNode = FALSE
	EndGlobalSection
	GlobalSection(ExtensibilityGlobals) = postSolution
		SolutionGuid = {E7F9D582-4569-484A-B8BA-245510CB4811}
	EndGlobalSection
EndGlobal
